// !$*UTF8*$!
{
	archiveVersion = 1;
	classes = {
	};
	objectVersion = 46;
	objects = {

/* Begin PBXBuildFile section */
		5F63E23C1E10E57F003C1B08 /* main.m in Sources */ = {isa = PBXBuildFile; fileRef = 5F63E23B1E10E57F003C1B08 /* main.m */; };
		5F63E23F1E10E57F003C1B08 /* AppDelegate.m in Sources */ = {isa = PBXBuildFile; fileRef = 5F63E23E1E10E57F003C1B08 /* AppDelegate.m */; };
		5F63E2421E10E57F003C1B08 /* ViewController.mm in Sources */ = {isa = PBXBuildFile; fileRef = 5F63E2411E10E57F003C1B08 /* ViewController.mm */; };
		5F63E2451E10E57F003C1B08 /* Main.storyboard in Resources */ = {isa = PBXBuildFile; fileRef = 5F63E2431E10E57F003C1B08 /* Main.storyboard */; };
		5F63E2471E10E580003C1B08 /* Assets.xcassets in Resources */ = {isa = PBXBuildFile; fileRef = 5F63E2461E10E580003C1B08 /* Assets.xcassets */; };
		5F63E24A1E10E580003C1B08 /* LaunchScreen.storyboard in Resources */ = {isa = PBXBuildFile; fileRef = 5F63E2481E10E580003C1B08 /* LaunchScreen.storyboard */; };
		5F63E2551E10E886003C1B08 /* NanoFreeFix.m in Sources */ = {isa = PBXBuildFile; fileRef = 5F63E2541E10E885003C1B08 /* NanoFreeFix.m */; settings = {COMPILER_FLAGS = "-w -Xanalyzer -analyzer-disable-all-checks"; }; };
/* End PBXBuildFile section */

/* Begin PBXFileReference section */
		5F63E2371E10E57F003C1B08 /* iOS10NanoFreeCrashFixDemo.app */ = {isa = PBXFileReference; explicitFileType = wrapper.application; includeInIndex = 0; path = iOS10NanoFreeCrashFixDemo.app; sourceTree = BUILT_PRODUCTS_DIR; };
		5F63E23B1E10E57F003C1B08 /* main.m */ = {isa = PBXFileReference; lastKnownFileType = sourcecode.c.objc; path = main.m; sourceTree = "<group>"; };
		5F63E23D1E10E57F003C1B08 /* AppDelegate.h */ = {isa = PBXFileReference; lastKnownFileType = sourcecode.c.h; path = AppDelegate.h; sourceTree = "<group>"; };
		5F63E23E1E10E57F003C1B08 /* AppDelegate.m */ = {isa = PBXFileReference; lastKnownFileType = sourcecode.c.objc; path = AppDelegate.m; sourceTree = "<group>"; };
		5F63E2401E10E57F003C1B08 /* ViewController.h */ = {isa = PBXFileReference; lastKnownFileType = sourcecode.c.h; path = ViewController.h; sourceTree = "<group>"; };
		5F63E2411E10E57F003C1B08 /* ViewController.mm */ = {isa = PBXFileReference; lastKnownFileType = sourcecode.cpp.objcpp; path = ViewController.mm; sourceTree = "<group>"; };
		5F63E2441E10E57F003C1B08 /* Base */ = {isa = PBXFileReference; lastKnownFileType = file.storyboard; name = Base; path = Base.lproj/Main.storyboard; sourceTree = "<group>"; };
		5F63E2461E10E580003C1B08 /* Assets.xcassets */ = {isa = PBXFileReference; lastKnownFileType = folder.assetcatalog; path = Assets.xcassets; sourceTree = "<group>"; };
		5F63E2491E10E580003C1B08 /* Base */ = {isa = PBXFileReference; lastKnownFileType = file.storyboard; name = Base; path = Base.lproj/LaunchScreen.storyboard; sourceTree = "<group>"; };
		5F63E24B1E10E580003C1B08 /* Info.plist */ = {isa = PBXFileReference; lastKnownFileType = text.plist.xml; path = Info.plist; sourceTree = "<group>"; };
		5F63E2521E10E5EA003C1B08 /* libc++abi.tbd */ = {isa = PBXFileReference; lastKnownFileType = "sourcecode.text-based-dylib-definition"; name = "libc++abi.tbd"; path = "usr/lib/libc++abi.tbd"; sourceTree = SDKROOT; };
		5F63E2541E10E885003C1B08 /* NanoFreeFix.m */ = {isa = PBXFileReference; fileEncoding = 4; lastKnownFileType = sourcecode.c.objc; path = NanoFreeFix.m; sourceTree = "<group>"; };
/* End PBXFileReference section */

/* Begin PBXFrameworksBuildPhase section */
		5F63E2341E10E57F003C1B08 /* Frameworks */ = {
			isa = PBXFrameworksBuildPhase;
			buildActionMask = 2147483647;
			files = (
			);
			runOnlyForDeploymentPostprocessing = 0;
		};
/* End PBXFrameworksBuildPhase section */

/* Begin PBXGroup section */
		5F63E22E1E10E57F003C1B08 = {
			isa = PBXGroup;
			children = (
				5F63E2391E10E57F003C1B08 /* iOS10NanoFreeCrashFixDemo */,
				5F63E2381E10E57F003C1B08 /* Products */,
				5F63E2511E10E5EA003C1B08 /* Frameworks */,
			);
			sourceTree = "<group>";
		};
		5F63E2381E10E57F003C1B08 /* Products */ = {
			isa = PBXGroup;
			children = (
				5F63E2371E10E57F003C1B08 /* iOS10NanoFreeCrashFixDemo.app */,
			);
			name = Products;
			sourceTree = "<group>";
		};
		5F63E2391E10E57F003C1B08 /* iOS10NanoFreeCrashFixDemo */ = {
			isa = PBXGroup;
			children = (
				5F63E23D1E10E57F003C1B08 /* AppDelegate.h */,
				5F63E23E1E10E57F003C1B08 /* AppDelegate.m */,
				5F63E2401E10E57F003C1B08 /* ViewController.h */,
				5F63E2411E10E57F003C1B08 /* ViewController.mm */,
				5F63E2431E10E57F003C1B08 /* Main.storyboard */,
				5F63E2461E10E580003C1B08 /* Assets.xcassets */,
				5F63E2481E10E580003C1B08 /* LaunchScreen.storyboard */,
				5F63E24B1E10E580003C1B08 /* Info.plist */,
				5F63E23A1E10E57F003C1B08 /* Supporting Files */,
				5F63E2541E10E885003C1B08 /* NanoFreeFix.m */,
			);
			path = iOS10NanoFreeCrashFixDemo;
			sourceTree = "<group>";
		};
		5F63E23A1E10E57F003C1B08 /* Supporting Files */ = {
			isa = PBXGroup;
			children = (
				5F63E23B1E10E57F003C1B08 /* main.m */,
			);
			name = "Supporting Files";
			sourceTree = "<group>";
		};
		5F63E2511E10E5EA003C1B08 /* Frameworks */ = {
			isa = PBXGroup;
			children = (
				5F63E2521E10E5EA003C1B08 /* libc++abi.tbd */,
			);
			name = Frameworks;
			sourceTree = "<group>";
		};
/* End PBXGroup section */

/* Begin PBXNativeTarget section */
		5F63E2361E10E57F003C1B08 /* iOS10NanoFreeCrashFixDemo */ = {
			isa = PBXNativeTarget;
			buildConfigurationList = 5F63E24E1E10E580003C1B08 /* Build configuration list for PBXNativeTarget "iOS10NanoFreeCrashFixDemo" */;
			buildPhases = (
				5F63E2331E10E57F003C1B08 /* Sources */,
				5F63E2341E10E57F003C1B08 /* Frameworks */,
				5F63E2351E10E57F003C1B08 /* Resources */,
			);
			buildRules = (
			);
			dependencies = (
			);
			name = iOS10NanoFreeCrashFixDemo;
			productName = iOS10NanoFreeCrashFixDemo;
			productReference = 5F63E2371E10E57F003C1B08 /* iOS10NanoFreeCrashFixDemo.app */;
			productType = "com.apple.product-type.application";
		};
/* End PBXNativeTarget section */

/* Begin PBXProject section */
		5F63E22F1E10E57F003C1B08 /* Project object */ = {
			isa = PBXProject;
			attributes = {
				LastUpgradeCheck = 0820;
				ORGANIZATIONNAME = ChengJianFeng;
				TargetAttributes = {
					5F63E2361E10E57F003C1B08 = {
						CreatedOnToolsVersion = 8.2;
						DevelopmentTeam = 8529S722MZ;
						ProvisioningStyle = Automatic;
					};
				};
			};
			buildConfigurationList = 5F63E2321E10E57F003C1B08 /* Build configuration list for PBXProject "iOS10NanoFreeCrashFixDemo" */;
			compatibilityVersion = "Xcode 3.2";
			developmentRegion = English;
			hasScannedForEncodings = 0;
			knownRegions = (
				en,
				Base,
			);
			mainGroup = 5F63E22E1E10E57F003C1B08;
			productRefGroup = 5F63E2381E10E57F003C1B08 /* Products */;
			projectDirPath = "";
			projectRoot = "";
			targets = (
				5F63E2361E10E57F003C1B08 /* iOS10NanoFreeCrashFixDemo */,
			);
		};
/* End PBXProject section */

/* Begin PBXResourcesBuildPhase section */
		5F63E2351E10E57F003C1B08 /* Resources */ = {
			isa = PBXResourcesBuildPhase;
			buildActionMask = 2147483647;
			files = (
				5F63E24A1E10E580003C1B08 /* LaunchScreen.storyboard in Resources */,
				5F63E2471E10E580003C1B08 /* Assets.xcassets in Resources */,
				5F63E2451E10E57F003C1B08 /* Main.storyboard in Resources */,
			);
			runOnlyForDeploymentPostprocessing = 0;
		};
/* End PBXResourcesBuildPhase section */

/* Begin PBXSourcesBuildPhase section */
		5F63E2331E10E57F003C1B08 /* Sources */ = {
			isa = PBXSourcesBuildPhase;
			buildActionMask = 2147483647;
			files = (
				5F63E2421E10E57F003C1B08 /* ViewController.mm in Sources */,
				5F63E2551E10E886003C1B08 /* NanoFreeFix.m in Sources */,
				5F63E23F1E10E57F003C1B08 /* AppDelegate.m in Sources */,
				5F63E23C1E10E57F003C1B08 /* main.m in Sources */,
			);
			runOnlyForDeploymentPostprocessing = 0;
		};
/* End PBXSourcesBuildPhase section */

/* Begin PBXVariantGroup section */
		5F63E2431E10E57F003C1B08 /* Main.storyboard */ = {
			isa = PBXVariantGroup;
			children = (
				5F63E2441E10E57F003C1B08 /* Base */,
			);
			name = Main.storyboard;
			sourceTree = "<group>";
		};
		5F63E2481E10E580003C1B08 /* LaunchScreen.storyboard */ = {
			isa = PBXVariantGroup;
			children = (
				5F63E2491E10E580003C1B08 /* Base */,
			);
			name = LaunchScreen.storyboard;
			sourceTree = "<group>";
		};
/* End PBXVariantGroup section */

/* Begin XCBuildConfiguration section */
		5F63E24C1E10E580003C1B08 /* Debug */ = {
			isa = XCBuildConfiguration;
			buildSettings = {
				ALWAYS_SEARCH_USER_PATHS = NO;
				CLANG_ANALYZER_NONNULL = YES;
				CLANG_CXX_LANGUAGE_STANDARD = "gnu++0x";
				CLANG_CXX_LIBRARY = "libc++";
				CLANG_ENABLE_MODULES = YES;
				CLANG_ENABLE_OBJC_ARC = YES;
				CLANG_WARN_BOOL_CONVERSION = YES;
				CLANG_WARN_CONSTANT_CONVERSION = YES;
				CLANG_WARN_DIRECT_OBJC_ISA_USAGE = YES_ERROR;
				CLANG_WARN_DOCUMENTATION_COMMENTS = YES;
				CLANG_WARN_EMPTY_BODY = YES;
				CLANG_WARN_ENUM_CONVERSION = YES;
				CLANG_WARN_INFINITE_RECURSION = YES;
				CLANG_WARN_INT_CONVERSION = YES;
				CLANG_WARN_OBJC_ROOT_CLASS = YES_ERROR;
				CLANG_WARN_SUSPICIOUS_MOVE = YES;
				CLANG_WARN_UNREACHABLE_CODE = YES;
				CLANG_WARN__DUPLICATE_METHOD_MATCH = YES;
				"CODE_SIGN_IDENTITY[sdk=iphoneos*]" = "iPhone Developer";
				COPY_PHASE_STRIP = NO;
				DEBUG_INFORMATION_FORMAT = dwarf;
				ENABLE_STRICT_OBJC_MSGSEND = YES;
				ENABLE_TESTABILITY = YES;
				GCC_C_LANGUAGE_STANDARD = gnu99;
				GCC_DYNAMIC_NO_PIC = NO;
				GCC_NO_COMMON_BLOCKS = YES;
				GCC_OPTIMIZATION_LEVEL = 0;
				GCC_PREPROCESSOR_DEFINITIONS = (
					"DEBUG=1",
					"$(inherited)",
				);
				GCC_WARN_64_TO_32_BIT_CONVERSION = YES;
				GCC_WARN_ABOUT_RETURN_TYPE = YES_ERROR;
				GCC_WARN_UNDECLARED_SELECTOR = YES;
				GCC_WARN_UNINITIALIZED_AUTOS = YES_AGGRESSIVE;
				GCC_WARN_UNUSED_FUNCTION = YES;
				GCC_WARN_UNUSED_VARIABLE = YES;
				IPHONEOS_DEPLOYMENT_TARGET = 10.2;
				MTL_ENABLE_DEBUG_INFO = YES;
				ONLY_ACTIVE_ARCH = YES;
				SDKROOT = iphoneos;
			};
			name = Debug;
		};
		5F63E24D1E10E580003C1B08 /* Release */ = {
			isa = XCBuildConfiguration;
			buildSettings = {
				ALWAYS_SEARCH_USER_PATHS = NO;
				CLANG_ANALYZER_NONNULL = YES;
				CLANG_CXX_LANGUAGE_STANDARD = "gnu++0x";
				CLANG_CXX_LIBRARY = "libc++";
				CLANG_ENABLE_MODULES = YES;
				CLANG_ENABLE_OBJC_ARC = YES;
				CLANG_WARN_BOOL_CONVERSION = YES;
				CLANG_WARN_CONSTANT_CONVERSION = YES;
				CLANG_WARN_DIRECT_OBJC_ISA_USAGE = YES_ERROR;
				CLANG_WARN_DOCUMENTATION_COMMENTS = YES;
				CLANG_WARN_EMPTY_BODY = YES;
				CLANG_WARN_ENUM_CONVERSION = YES;
				CLANG_WARN_INFINITE_RECURSION = YES;
				CLANG_WARN_INT_CONVERSION = YES;
				CLANG_WARN_OBJC_ROOT_CLASS = YES_ERROR;
				CLANG_WARN_SUSPICIOUS_MOVE = YES;
				CLANG_WARN_UNREACHABLE_CODE = YES;
				CLANG_WARN__DUPLICATE_METHOD_MATCH = YES;
				"CODE_SIGN_IDENTITY[sdk=iphoneos*]" = "iPhone Developer";
				COPY_PHASE_STRIP = NO;
				DEBUG_INFORMATION_FORMAT = "dwarf-with-dsym";
				ENABLE_NS_ASSERTIONS = NO;
				ENABLE_STRICT_OBJC_MSGSEND = YES;
				GCC_C_LANGUAGE_STANDARD = gnu99;
				GCC_NO_COMMON_BLOCKS = YES;
				GCC_WARN_64_TO_32_BIT_CONVERSION = YES;
				GCC_WARN_ABOUT_RETURN_TYPE = YES_ERROR;
				GCC_WARN_UNDECLARED_SELECTOR = YES;
				GCC_WARN_UNINITIALIZED_AUTOS = YES_AGGRESSIVE;
				GCC_WARN_UNUSED_FUNCTION = YES;
				GCC_WARN_UNUSED_VARIABLE = YES;
				IPHONEOS_DEPLOYMENT_TARGET = 10.2;
				MTL_ENABLE_DEBUG_INFO = NO;
				SDKROOT = iphoneos;
				VALIDATE_PRODUCT = YES;
			};
			name = Release;
		};
		5F63E24F1E10E580003C1B08 /* Debug */ = {
			isa = XCBuildConfiguration;
			buildSettings = {
				ASSETCATALOG_COMPILER_APPICON_NAME = AppIcon;
				CLANG_WARN_SUSPICIOUS_MOVE = NO;
				DEVELOPMENT_TEAM = 8529S722MZ;
				INFOPLIST_FILE = iOS10NanoFreeCrashFixDemo/Info.plist;
				IPHONEOS_DEPLOYMENT_TARGET = 10.0;
				LD_RUNPATH_SEARCH_PATHS = "$(inherited) @executable_path/Frameworks";
				PRODUCT_BUNDLE_IDENTIFIER = CJF.iOS10NanoFreeCrashFixDemo;
				PRODUCT_NAME = "$(TARGET_NAME)";
			};
			name = Debug;
		};
		5F63E2501E10E580003C1B08 /* Release */ = {
			isa = XCBuildConfiguration;
			buildSettings = {
				ASSETCATALOG_COMPILER_APPICON_NAME = AppIcon;
				CLANG_WARN_SUSPICIOUS_MOVE = NO;
				DEVELOPMENT_TEAM = 8529S722MZ;
				INFOPLIST_FILE = iOS10NanoFreeCrashFixDemo/Info.plist;
				IPHONEOS_DEPLOYMENT_TARGET = 10.0;
				LD_RUNPATH_SEARCH_PATHS = "$(inherited) @executable_path/Frameworks";
				PRODUCT_BUNDLE_IDENTIFIER = CJF.iOS10NanoFreeCrashFixDemo;
				PRODUCT_NAME = "$(TARGET_NAME)";
			};
			name = Release;
		};
/* End XCBuildConfiguration section */

/* Begin XCConfigurationList section */
		5F63E2321E10E57F003C1B08 /* Build configuration list for PBXProject "iOS10NanoFreeCrashFixDemo" */ = {
			isa = XCConfigurationList;
			buildConfigurations = (
				5F63E24C1E10E580003C1B08 /* Debug */,
				5F63E24D1E10E580003C1B08 /* Release */,
			);
			defaultConfigurationIsVisible = 0;
			defaultConfigurationName = Release;
		};
		5F63E24E1E10E580003C1B08 /* Build configuration list for PBXNativeTarget "iOS10NanoFreeCrashFixDemo" */ = {
			isa = XCConfigurationList;
			buildConfigurations = (
				5F63E24F1E10E580003C1B08 /* Debug */,
				5F63E2501E10E580003C1B08 /* Release */,
			);
			defaultConfigurationIsVisible = 0;
			defaultConfigurationName = Release;
		};
/* End XCConfigurationList section */
	};
	rootObject = 5F63E22F1E10E57F003C1B08 /* Project object */;
}
